
Microsoft Visual Studio Solution File, Format Version 12.00
# Visual Studio Version 16
VisualStudioVersion = 16.0.28315.86
MinimumVisualStudioVersion = 10.0.40219.1
Project("{FAE04EC0-301F-11D3-BF4B-00C04F79EFBC}") = "TestLazyLoad", "TestLazyLoad\TestLazyLoad.csproj", "{C8BA3658-9E64-4B26-AAD8-004BACCA339D}"
EndProject
Global
	GlobalSection(SolutionConfigurationPlatforms) = preSolution
		Debug|Any CPU = Debug|Any CPU
		Release|Any CPU = Release|Any CPU
	EndGlobalSection
	GlobalSection(ProjectConfigurationPlatforms) = postSolution
		{C8BA3658-9E64-4B26-AAD8-004BACCA339D}.Debug|Any CPU.ActiveCfg = Debug|Any CPU
		{C8BA3658-9E64-4B26-AAD8-004BACCA339D}.Debug|Any CPU.Build.0 = Debug|Any CPU
		{C8BA3658-9E64-4B26-AAD8-004BACCA339D}.Release|Any CPU.ActiveCfg = Release|Any CPU
		{C8BA3658-9E64-4B26-AAD8-004BACCA339D}.Release|Any CPU.Build.0 = Release|Any CPU
	EndGlobalSection
	GlobalSection(SolutionProperties) = preSolution
		HideSolutionNode = FALSE
	EndGlobalSection
	GlobalSection(ExtensibilityGlobals) = postSolution
		SolutionGuid = {C6FB1F7C-DE30-4FB4-8730-393BDD142973}
	EndGlobalSection
EndGlobal
